
Microsoft Visual Studio Solution File, Format Version 12.00
# Visual Studio Version 17
VisualStudioVersion = 17.11.35327.3
MinimumVisualStudioVersion = 10.0.40219.1
Project("{FAE04EC0-301F-11D3-BF4B-00C04F79EFBC}") = "IntegrationStatusMonitor", "IntegrationStatusMonitor.csproj", "{287A9478-3DCD-4776-8A70-7A4B9DD1288C}"
EndProject
Global
	GlobalSection(SolutionConfigurationPlatforms) = preSolution
		Debug|Any CPU = Debug|Any CPU
		Release|Any CPU = Release|Any CPU
	EndGlobalSection
	GlobalSection(ProjectConfigurationPlatforms) = postSolution
		{287A9478-3DCD-4776-8A70-7A4B9DD1288C}.Debug|Any CPU.ActiveCfg = Debug|Any CPU
		{287A9478-3DCD-4776-8A70-7A4B9DD1288C}.Debug|Any CPU.Build.0 = Debug|Any CPU
		{287A9478-3DCD-4776-8A70-7A4B9DD1288C}.Release|Any CPU.ActiveCfg = Release|Any CPU
		{287A9478-3DCD-4776-8A70-7A4B9DD1288C}.Release|Any CPU.Build.0 = Release|Any CPU
	EndGlobalSection
	GlobalSection(SolutionProperties) = preSolution
		HideSolutionNode = FALSE
	EndGlobalSection
	GlobalSection(ExtensibilityGlobals) = postSolution
		SolutionGuid = {8D237764-B2A9-4458-9250-BB750B9A41F9}
	EndGlobalSection
EndGlobal
